
Microsoft Visual Studio Solution File, Format Version 12.00
# Visual Studio Version 17
VisualStudioVersion = 17.14.36408.4 d17.14
MinimumVisualStudioVersion = 10.0.40219.1
Project("{00D1A9C2-B5F0-4AF3-8072-F6C62B433612}") = "ImageInsight.Database", "ImageInsight.Database.sqlproj", "{A70CB2D6-6B46-4426-B128-F712BE8195A3}"
EndProject
Global
	GlobalSection(SolutionConfigurationPlatforms) = preSolution
		Debug|Any CPU = Debug|Any CPU
		Release|Any CPU = Release|Any CPU
	EndGlobalSection
	GlobalSection(ProjectConfigurationPlatforms) = postSolution
		{A70CB2D6-6B46-4426-B128-F712BE8195A3}.Debug|Any CPU.ActiveCfg = Debug|Any CPU
		{A70CB2D6-6B46-4426-B128-F712BE8195A3}.Debug|Any CPU.Build.0 = Debug|Any CPU
		{A70CB2D6-6B46-4426-B128-F712BE8195A3}.Debug|Any CPU.Deploy.0 = Debug|Any CPU
		{A70CB2D6-6B46-4426-B128-F712BE8195A3}.Release|Any CPU.ActiveCfg = Release|Any CPU
		{A70CB2D6-6B46-4426-B128-F712BE8195A3}.Release|Any CPU.Build.0 = Release|Any CPU
		{A70CB2D6-6B46-4426-B128-F712BE8195A3}.Release|Any CPU.Deploy.0 = Release|Any CPU
	EndGlobalSection
	GlobalSection(SolutionProperties) = preSolution
		HideSolutionNode = FALSE
	EndGlobalSection
	GlobalSection(ExtensibilityGlobals) = postSolution
		SolutionGuid = {4F6924F6-AF92-47DB-A77B-5ECBC7D46239}
	EndGlobalSection
EndGlobal
